{"1.2.0",
[
 {<<"htmerl">>,{pkg,<<"htmerl">>,<<"0.1.0">>},0},
 {<<"thoas">>,{pkg,<<"thoas">>,<<"1.0.0">>},0}]}.
[
{pkg_hash,[
 {<<"htmerl">>, <<"CDB5F7DAC08617F7E039F74311A5B4E5F1909D2C363CF4A355D3DDE7B3CA6F37">>},
 {<<"thoas">>, <<"567C03902920827A18A89F05B79A37B5BF93553154B883E0131801600CF02CE0">>}]},
{pkg_hash_ext,[
 {<<"htmerl">>, <<"D932F76EA33C318A79F41A429FDBEAE30820390DDB72BA89F38EEF32FEC36395">>},
 {<<"thoas">>, <<"FC763185B932ECB32A554FB735EE03C3B6B1B31366077A2427D2A97F3BD26735">>}]}
].
